
Microsoft Visual Studio Solution File, Format Version 12.00
# Visual Studio Version 16
VisualStudioVersion = 16.0.31624.102
MinimumVisualStudioVersion = 10.0.40219.1
Project("{9A19103F-16F7-4668-BE54-9A1E7A4F7556}") = "ItemRead", "ItemRead\ItemRead.csproj", "{C013F54D-936B-44E2-874D-0008404F785C}"
EndProject
Project("{9A19103F-16F7-4668-BE54-9A1E7A4F7556}") = "BusinessLogic", "BusinessLogic\BusinessLogic.csproj", "{8E3757D0-3689-428F-B9DB-1C9EFB47C7AD}"
EndProject
Project("{FAE04EC0-301F-11D3-BF4B-00C04F79EFBC}") = "DataAccess", "DataAccess\DataAccess.csproj", "{8A0905AC-CAB1-4995-8A04-E17D483D63DF}"
EndProject
Global
	GlobalSection(SolutionConfigurationPlatforms) = preSolution
		Debug|Any CPU = Debug|Any CPU
		Release|Any CPU = Release|Any CPU
	EndGlobalSection
	GlobalSection(ProjectConfigurationPlatforms) = postSolution
		{C013F54D-936B-44E2-874D-0008404F785C}.Debug|Any CPU.ActiveCfg = Debug|Any CPU
		{C013F54D-936B-44E2-874D-0008404F785C}.Debug|Any CPU.Build.0 = Debug|Any CPU
		{C013F54D-936B-44E2-874D-0008404F785C}.Release|Any CPU.ActiveCfg = Release|Any CPU
		{C013F54D-936B-44E2-874D-0008404F785C}.Release|Any CPU.Build.0 = Release|Any CPU
		{8E3757D0-3689-428F-B9DB-1C9EFB47C7AD}.Debug|Any CPU.ActiveCfg = Debug|Any CPU
		{8E3757D0-3689-428F-B9DB-1C9EFB47C7AD}.Debug|Any CPU.Build.0 = Debug|Any CPU
		{8E3757D0-3689-428F-B9DB-1C9EFB47C7AD}.Release|Any CPU.ActiveCfg = Release|Any CPU
		{8E3757D0-3689-428F-B9DB-1C9EFB47C7AD}.Release|Any CPU.Build.0 = Release|Any CPU
		{8A0905AC-CAB1-4995-8A04-E17D483D63DF}.Debug|Any CPU.ActiveCfg = Debug|Any CPU
		{8A0905AC-CAB1-4995-8A04-E17D483D63DF}.Debug|Any CPU.Build.0 = Debug|Any CPU
		{8A0905AC-CAB1-4995-8A04-E17D483D63DF}.Release|Any CPU.ActiveCfg = Release|Any CPU
		{8A0905AC-CAB1-4995-8A04-E17D483D63DF}.Release|Any CPU.Build.0 = Release|Any CPU
	EndGlobalSection
	GlobalSection(SolutionProperties) = preSolution
		HideSolutionNode = FALSE
	EndGlobalSection
	GlobalSection(ExtensibilityGlobals) = postSolution
		SolutionGuid = {EC0212F1-F2D6-46F6-ADCB-E94EF3AEA0B3}
	EndGlobalSection
EndGlobal
