
Microsoft Visual Studio Solution File, Format Version 12.00
# Visual Studio Version 16
VisualStudioVersion = 16.0.31624.102
MinimumVisualStudioVersion = 10.0.40219.1
Project("{9A19103F-16F7-4668-BE54-9A1E7A4F7556}") = "ItemWrite", "ItemWrite\ItemWrite.csproj", "{656F9067-EC91-49C2-8340-C2713272E77A}"
EndProject
Project("{9A19103F-16F7-4668-BE54-9A1E7A4F7556}") = "BusinessLogic", "BusinessLogic\BusinessLogic.csproj", "{A8885C9A-FB4C-40D3-B4B4-21C855ADB26C}"
EndProject
Project("{9A19103F-16F7-4668-BE54-9A1E7A4F7556}") = "Kafka", "Kafka\Kafka\Kafka.csproj", "{7F7F4C17-FF1B-44B2-9575-4F24E6BA9A4A}"
EndProject
Global
	GlobalSection(SolutionConfigurationPlatforms) = preSolution
		Debug|Any CPU = Debug|Any CPU
		Release|Any CPU = Release|Any CPU
	EndGlobalSection
	GlobalSection(ProjectConfigurationPlatforms) = postSolution
		{656F9067-EC91-49C2-8340-C2713272E77A}.Debug|Any CPU.ActiveCfg = Debug|Any CPU
		{656F9067-EC91-49C2-8340-C2713272E77A}.Debug|Any CPU.Build.0 = Debug|Any CPU
		{656F9067-EC91-49C2-8340-C2713272E77A}.Release|Any CPU.ActiveCfg = Release|Any CPU
		{656F9067-EC91-49C2-8340-C2713272E77A}.Release|Any CPU.Build.0 = Release|Any CPU
		{A8885C9A-FB4C-40D3-B4B4-21C855ADB26C}.Debug|Any CPU.ActiveCfg = Debug|Any CPU
		{A8885C9A-FB4C-40D3-B4B4-21C855ADB26C}.Debug|Any CPU.Build.0 = Debug|Any CPU
		{A8885C9A-FB4C-40D3-B4B4-21C855ADB26C}.Release|Any CPU.ActiveCfg = Release|Any CPU
		{A8885C9A-FB4C-40D3-B4B4-21C855ADB26C}.Release|Any CPU.Build.0 = Release|Any CPU
		{7F7F4C17-FF1B-44B2-9575-4F24E6BA9A4A}.Debug|Any CPU.ActiveCfg = Debug|Any CPU
		{7F7F4C17-FF1B-44B2-9575-4F24E6BA9A4A}.Debug|Any CPU.Build.0 = Debug|Any CPU
		{7F7F4C17-FF1B-44B2-9575-4F24E6BA9A4A}.Release|Any CPU.ActiveCfg = Release|Any CPU
		{7F7F4C17-FF1B-44B2-9575-4F24E6BA9A4A}.Release|Any CPU.Build.0 = Release|Any CPU
	EndGlobalSection
	GlobalSection(SolutionProperties) = preSolution
		HideSolutionNode = FALSE
	EndGlobalSection
	GlobalSection(ExtensibilityGlobals) = postSolution
		SolutionGuid = {95A1C9FD-FD02-40E3-B322-6AA95571F493}
	EndGlobalSection
EndGlobal
